%{"cors_plug": {:hex, :cors_plug, "0.1.4"},
  "corsica": {:hex, :corsica, "0.4.0"},
  "cowboy": {:hex, :cowboy, "1.0.3"},
  "cowlib": {:hex, :cowlib, "1.0.1"},
  "maru": {:hex, :maru, "0.8.5"},
  "plug": {:hex, :plug, "1.0.2"},
  "poison": {:hex, :poison, "1.5.0"},
  "ranch": {:hex, :ranch, "1.1.0"}}
